// !$*UTF8*$!
{
	archiveVersion = 1;
	classes = {
	};
	objectVersion = 46;
	objects = {

/* Begin PBXBuildFile section */
		F8374D2D19C8E72F00A98D40 /* AppDelegate.swift in Sources */ = {isa = PBXBuildFile; fileRef = F8374D2C19C8E72F00A98D40 /* AppDelegate.swift */; };
		F8374D2F19C8E72F00A98D40 /* ViewController.swift in Sources */ = {isa = PBXBuildFile; fileRef = F8374D2E19C8E72F00A98D40 /* ViewController.swift */; };
		F8374D3219C8E72F00A98D40 /* Main.storyboard in Resources */ = {isa = PBXBuildFile; fileRef = F8374D3019C8E72F00A98D40 /* Main.storyboard */; };
		F8374D3419C8E72F00A98D40 /* Images.xcassets in Resources */ = {isa = PBXBuildFile; fileRef = F8374D3319C8E72F00A98D40 /* Images.xcassets */; };
		F8374D3719C8E72F00A98D40 /* LaunchScreen.xib in Resources */ = {isa = PBXBuildFile; fileRef = F8374D3519C8E72F00A98D40 /* LaunchScreen.xib */; };
		F8374D4319C8E72F00A98D40 /* PostcardTests.swift in Sources */ = {isa = PBXBuildFile; fileRef = F8374D4219C8E72F00A98D40 /* PostcardTests.swift */; };
		F8374D4D19C8EE1A00A98D40 /* SagradaFamilia.jpeg in Resources */ = {isa = PBXBuildFile; fileRef = F8374D4C19C8EE1A00A98D40 /* SagradaFamilia.jpeg */; };
		F8374D4F19C8F2FE00A98D40 /* AlbertEinsteinStamp.jpg in Resources */ = {isa = PBXBuildFile; fileRef = F8374D4E19C8F2FE00A98D40 /* AlbertEinsteinStamp.jpg */; };
/* End PBXBuildFile section */

/* Begin PBXContainerItemProxy section */
		F8374D3D19C8E72F00A98D40 /* PBXContainerItemProxy */ = {
			isa = PBXContainerItemProxy;
			containerPortal = F8374D1F19C8E72F00A98D40 /* Project object */;
			proxyType = 1;
			remoteGlobalIDString = F8374D2619C8E72F00A98D40;
			remoteInfo = Postcard;
		};
/* End PBXContainerItemProxy section */

/* Begin PBXFileReference section */
		F8374D2719C8E72F00A98D40 /* Postcard.app */ = {isa = PBXFileReference; explicitFileType = wrapper.application; includeInIndex = 0; path = Postcard.app; sourceTree = BUILT_PRODUCTS_DIR; };
		F8374D2B19C8E72F00A98D40 /* Info.plist */ = {isa = PBXFileReference; lastKnownFileType = text.plist.xml; path = Info.plist; sourceTree = "<group>"; };
		F8374D2C19C8E72F00A98D40 /* AppDelegate.swift */ = {isa = PBXFileReference; lastKnownFileType = sourcecode.swift; path = AppDelegate.swift; sourceTree = "<group>"; };
		F8374D2E19C8E72F00A98D40 /* ViewController.swift */ = {isa = PBXFileReference; lastKnownFileType = sourcecode.swift; path = ViewController.swift; sourceTree = "<group>"; };
		F8374D3119C8E72F00A98D40 /* Base */ = {isa = PBXFileReference; lastKnownFileType = file.storyboard; name = Base; path = Base.lproj/Main.storyboard; sourceTree = "<group>"; };
		F8374D3319C8E72F00A98D40 /* Images.xcassets */ = {isa = PBXFileReference; lastKnownFileType = folder.assetcatalog; path = Images.xcassets; sourceTree = "<group>"; };
		F8374D3619C8E72F00A98D40 /* Base */ = {isa = PBXFileReference; lastKnownFileType = file.xib; name = Base; path = Base.lproj/LaunchScreen.xib; sourceTree = "<group>"; };
		F8374D3C19C8E72F00A98D40 /* PostcardTests.xctest */ = {isa = PBXFileReference; explicitFileType = wrapper.cfbundle; includeInIndex = 0; path = PostcardTests.xctest; sourceTree = BUILT_PRODUCTS_DIR; };
		F8374D4119C8E72F00A98D40 /* Info.plist */ = {isa = PBXFileReference; lastKnownFileType = text.plist.xml; path = Info.plist; sourceTree = "<group>"; };
		F8374D4219C8E72F00A98D40 /* PostcardTests.swift */ = {isa = PBXFileReference; lastKnownFileType = sourcecode.swift; path = PostcardTests.swift; sourceTree = "<group>"; };
		F8374D4C19C8EE1A00A98D40 /* SagradaFamilia.jpeg */ = {isa = PBXFileReference; lastKnownFileType = image.jpeg; path = SagradaFamilia.jpeg; sourceTree = "<group>"; };
		F8374D4E19C8F2FE00A98D40 /* AlbertEinsteinStamp.jpg */ = {isa = PBXFileReference; lastKnownFileType = image.jpeg; path = AlbertEinsteinStamp.jpg; sourceTree = "<group>"; };
/* End PBXFileReference section */

/* Begin PBXFrameworksBuildPhase section */
		F8374D2419C8E72F00A98D40 /* Frameworks */ = {
			isa = PBXFrameworksBuildPhase;
			buildActionMask = 2147483647;
			files = (
			);
			runOnlyForDeploymentPostprocessing = 0;
		};
		F8374D3919C8E72F00A98D40 /* Frameworks */ = {
			isa = PBXFrameworksBuildPhase;
			buildActionMask = 2147483647;
			files = (
			);
			runOnlyForDeploymentPostprocessing = 0;
		};
/* End PBXFrameworksBuildPhase section */

/* Begin PBXGroup section */
		F8374D1E19C8E72F00A98D40 = {
			isa = PBXGroup;
			children = (
				F8374D2919C8E72F00A98D40 /* Postcard */,
				F8374D3F19C8E72F00A98D40 /* PostcardTests */,
				F8374D2819C8E72F00A98D40 /* Products */,
			);
			sourceTree = "<group>";
		};
		F8374D2819C8E72F00A98D40 /* Products */ = {
			isa = PBXGroup;
			children = (
				F8374D2719C8E72F00A98D40 /* Postcard.app */,
				F8374D3C19C8E72F00A98D40 /* PostcardTests.xctest */,
			);
			name = Products;
			sourceTree = "<group>";
		};
		F8374D2919C8E72F00A98D40 /* Postcard */ = {
			isa = PBXGroup;
			children = (
				F8374D2C19C8E72F00A98D40 /* AppDelegate.swift */,
				F8374D2E19C8E72F00A98D40 /* ViewController.swift */,
				F8374D3019C8E72F00A98D40 /* Main.storyboard */,
				F8374D3319C8E72F00A98D40 /* Images.xcassets */,
				F8374D3519C8E72F00A98D40 /* LaunchScreen.xib */,
				F8374D2A19C8E72F00A98D40 /* Supporting Files */,
			);
			path = Postcard;
			sourceTree = "<group>";
		};
		F8374D2A19C8E72F00A98D40 /* Supporting Files */ = {
			isa = PBXGroup;
			children = (
				F8374D4E19C8F2FE00A98D40 /* AlbertEinsteinStamp.jpg */,
				F8374D4C19C8EE1A00A98D40 /* SagradaFamilia.jpeg */,
				F8374D2B19C8E72F00A98D40 /* Info.plist */,
			);
			name = "Supporting Files";
			sourceTree = "<group>";
		};
		F8374D3F19C8E72F00A98D40 /* PostcardTests */ = {
			isa = PBXGroup;
			children = (
				F8374D4219C8E72F00A98D40 /* PostcardTests.swift */,
				F8374D4019C8E72F00A98D40 /* Supporting Files */,
			);
			path = PostcardTests;
			sourceTree = "<group>";
		};
		F8374D4019C8E72F00A98D40 /* Supporting Files */ = {
			isa = PBXGroup;
			children = (
				F8374D4119C8E72F00A98D40 /* Info.plist */,
			);
			name = "Supporting Files";
			sourceTree = "<group>";
		};
/* End PBXGroup section */

/* Begin PBXNativeTarget section */
		F8374D2619C8E72F00A98D40 /* Postcard */ = {
			isa = PBXNativeTarget;
			buildConfigurationList = F8374D4619C8E72F00A98D40 /* Build configuration list for PBXNativeTarget "Postcard" */;
			buildPhases = (
				F8374D2319C8E72F00A98D40 /* Sources */,
				F8374D2419C8E72F00A98D40 /* Frameworks */,
				F8374D2519C8E72F00A98D40 /* Resources */,
			);
			buildRules = (
			);
			dependencies = (
			);
			name = Postcard;
			productName = Postcard;
			productReference = F8374D2719C8E72F00A98D40 /* Postcard.app */;
			productType = "com.apple.product-type.application";
		};
		F8374D3B19C8E72F00A98D40 /* PostcardTests */ = {
			isa = PBXNativeTarget;
			buildConfigurationList = F8374D4919C8E72F00A98D40 /* Build configuration list for PBXNativeTarget "PostcardTests" */;
			buildPhases = (
				F8374D3819C8E72F00A98D40 /* Sources */,
				F8374D3919C8E72F00A98D40 /* Frameworks */,
				F8374D3A19C8E72F00A98D40 /* Resources */,
			);
			buildRules = (
			);
			dependencies = (
				F8374D3E19C8E72F00A98D40 /* PBXTargetDependency */,
			);
			name = PostcardTests;
			productName = PostcardTests;
			productReference = F8374D3C19C8E72F00A98D40 /* PostcardTests.xctest */;
			productType = "com.apple.product-type.bundle.unit-test";
		};
/* End PBXNativeTarget section */

/* Begin PBXProject section */
		F8374D1F19C8E72F00A98D40 /* Project object */ = {
			isa = PBXProject;
			attributes = {
				LastUpgradeCheck = 0600;
				ORGANIZATIONNAME = FiveWest;
				TargetAttributes = {
					F8374D2619C8E72F00A98D40 = {
						CreatedOnToolsVersion = 6.0;
					};
					F8374D3B19C8E72F00A98D40 = {
						CreatedOnToolsVersion = 6.0;
						TestTargetID = F8374D2619C8E72F00A98D40;
					};
				};
			};
			buildConfigurationList = F8374D2219C8E72F00A98D40 /* Build configuration list for PBXProject "Postcard" */;
			compatibilityVersion = "Xcode 3.2";
			developmentRegion = English;
			hasScannedForEncodings = 0;
			knownRegions = (
				en,
				Base,
			);
			mainGroup = F8374D1E19C8E72F00A98D40;
			productRefGroup = F8374D2819C8E72F00A98D40 /* Products */;
			projectDirPath = "";
			projectRoot = "";
			targets = (
				F8374D2619C8E72F00A98D40 /* Postcard */,
				F8374D3B19C8E72F00A98D40 /* PostcardTests */,
			);
		};
/* End PBXProject section */

/* Begin PBXResourcesBuildPhase section */
		F8374D2519C8E72F00A98D40 /* Resources */ = {
			isa = PBXResourcesBuildPhase;
			buildActionMask = 2147483647;
			files = (
				F8374D3219C8E72F00A98D40 /* Main.storyboard in Resources */,
				F8374D4D19C8EE1A00A98D40 /* SagradaFamilia.jpeg in Resources */,
				F8374D4F19C8F2FE00A98D40 /* AlbertEinsteinStamp.jpg in Resources */,
				F8374D3719C8E72F00A98D40 /* LaunchScreen.xib in Resources */,
				F8374D3419C8E72F00A98D40 /* Images.xcassets in Resources */,
			);
			runOnlyForDeploymentPostprocessing = 0;
		};
		F8374D3A19C8E72F00A98D40 /* Resources */ = {
			isa = PBXResourcesBuildPhase;
			buildActionMask = 2147483647;
			files = (
			);
			runOnlyForDeploymentPostprocessing = 0;
		};
/* End PBXResourcesBuildPhase section */

/* Begin PBXSourcesBuildPhase section */
		F8374D2319C8E72F00A98D40 /* Sources */ = {
			isa = PBXSourcesBuildPhase;
			buildActionMask = 2147483647;
			files = (
				F8374D2F19C8E72F00A98D40 /* ViewController.swift in Sources */,
				F8374D2D19C8E72F00A98D40 /* AppDelegate.swift in Sources */,
			);
			runOnlyForDeploymentPostprocessing = 0;
		};
		F8374D3819C8E72F00A98D40 /* Sources */ = {
			isa = PBXSourcesBuildPhase;
			buildActionMask = 2147483647;
			files = (
				F8374D4319C8E72F00A98D40 /* PostcardTests.swift in Sources */,
			);
			runOnlyForDeploymentPostprocessing = 0;
		};
/* End PBXSourcesBuildPhase section */

/* Begin PBXTargetDependency section */
		F8374D3E19C8E72F00A98D40 /* PBXTargetDependency */ = {
			isa = PBXTargetDependency;
			target = F8374D2619C8E72F00A98D40 /* Postcard */;
			targetProxy = F8374D3D19C8E72F00A98D40 /* PBXContainerItemProxy */;
		};
/* End PBXTargetDependency section */

/* Begin PBXVariantGroup section */
		F8374D3019C8E72F00A98D40 /* Main.storyboard */ = {
			isa = PBXVariantGroup;
			children = (
				F8374D3119C8E72F00A98D40 /* Base */,
			);
			name = Main.storyboard;
			sourceTree = "<group>";
		};
		F8374D3519C8E72F00A98D40 /* LaunchScreen.xib */ = {
			isa = PBXVariantGroup;
			children = (
				F8374D3619C8E72F00A98D40 /* Base */,
			);
			name = LaunchScreen.xib;
			sourceTree = "<group>";
		};
/* End PBXVariantGroup section */

/* Begin XCBuildConfiguration section */
		F8374D4419C8E72F00A98D40 /* Debug */ = {
			isa = XCBuildConfiguration;
			buildSettings = {
				ALWAYS_SEARCH_USER_PATHS = NO;
				CLANG_CXX_LANGUAGE_STANDARD = "gnu++0x";
				CLANG_CXX_LIBRARY = "libc++";
				CLANG_ENABLE_MODULES = YES;
				CLANG_ENABLE_OBJC_ARC = YES;
				CLANG_WARN_BOOL_CONVERSION = YES;
				CLANG_WARN_CONSTANT_CONVERSION = YES;
				CLANG_WARN_DIRECT_OBJC_ISA_USAGE = YES_ERROR;
				CLANG_WARN_EMPTY_BODY = YES;
				CLANG_WARN_ENUM_CONVERSION = YES;
				CLANG_WARN_INT_CONVERSION = YES;
				CLANG_WARN_OBJC_ROOT_CLASS = YES_ERROR;
				CLANG_WARN_UNREACHABLE_CODE = YES;
				CLANG_WARN__DUPLICATE_METHOD_MATCH = YES;
				"CODE_SIGN_IDENTITY[sdk=iphoneos*]" = "iPhone Developer";
				COPY_PHASE_STRIP = NO;
				ENABLE_STRICT_OBJC_MSGSEND = YES;
				GCC_C_LANGUAGE_STANDARD = gnu99;
				GCC_DYNAMIC_NO_PIC = NO;
				GCC_OPTIMIZATION_LEVEL = 0;
				GCC_PREPROCESSOR_DEFINITIONS = (
					"DEBUG=1",
					"$(inherited)",
				);
				GCC_SYMBOLS_PRIVATE_EXTERN = NO;
				GCC_WARN_64_TO_32_BIT_CONVERSION = YES;
				GCC_WARN_ABOUT_RETURN_TYPE = YES_ERROR;
				GCC_WARN_UNDECLARED_SELECTOR = YES;
				GCC_WARN_UNINITIALIZED_AUTOS = YES_AGGRESSIVE;
				GCC_WARN_UNUSED_FUNCTION = YES;
				GCC_WARN_UNUSED_VARIABLE = YES;
				IPHONEOS_DEPLOYMENT_TARGET = 8.0;
				MTL_ENABLE_DEBUG_INFO = YES;
				ONLY_ACTIVE_ARCH = YES;
				SDKROOT = iphoneos;
				SWIFT_OPTIMIZATION_LEVEL = "-Onone";
			};
			name = Debug;
		};
		F8374D4519C8E72F00A98D40 /* Release */ = {
			isa = XCBuildConfiguration;
			buildSettings = {
				ALWAYS_SEARCH_USER_PATHS = NO;
				CLANG_CXX_LANGUAGE_STANDARD = "gnu++0x";
				CLANG_CXX_LIBRARY = "libc++";
				CLANG_ENABLE_MODULES = YES;
				CLANG_ENABLE_OBJC_ARC = YES;
				CLANG_WARN_BOOL_CONVERSION = YES;
				CLANG_WARN_CONSTANT_CONVERSION = YES;
				CLANG_WARN_DIRECT_OBJC_ISA_USAGE = YES_ERROR;
				CLANG_WARN_EMPTY_BODY = YES;
				CLANG_WARN_ENUM_CONVERSION = YES;
				CLANG_WARN_INT_CONVERSION = YES;
				CLANG_WARN_OBJC_ROOT_CLASS = YES_ERROR;
				CLANG_WARN_UNREACHABLE_CODE = YES;
				CLANG_WARN__DUPLICATE_METHOD_MATCH = YES;
				"CODE_SIGN_IDENTITY[sdk=iphoneos*]" = "iPhone Developer";
				COPY_PHASE_STRIP = YES;
				ENABLE_NS_ASSERTIONS = NO;
				ENABLE_STRICT_OBJC_MSGSEND = YES;
				GCC_C_LANGUAGE_STANDARD = gnu99;
				GCC_WARN_64_TO_32_BIT_CONVERSION = YES;
				GCC_WARN_ABOUT_RETURN_TYPE = YES_ERROR;
				GCC_WARN_UNDECLARED_SELECTOR = YES;
				GCC_WARN_UNINITIALIZED_AUTOS = YES_AGGRESSIVE;
				GCC_WARN_UNUSED_FUNCTION = YES;
				GCC_WARN_UNUSED_VARIABLE = YES;
				IPHONEOS_DEPLOYMENT_TARGET = 8.0;
				MTL_ENABLE_DEBUG_INFO = NO;
				SDKROOT = iphoneos;
				VALIDATE_PRODUCT = YES;
			};
			name = Release;
		};
		F8374D4719C8E72F00A98D40 /* Debug */ = {
			isa = XCBuildConfiguration;
			buildSettings = {
				ASSETCATALOG_COMPILER_APPICON_NAME = AppIcon;
				INFOPLIST_FILE = Postcard/Info.plist;
				LD_RUNPATH_SEARCH_PATHS = "$(inherited) @executable_path/Frameworks";
				PRODUCT_NAME = "$(TARGET_NAME)";
			};
			name = Debug;
		};
		F8374D4819C8E72F00A98D40 /* Release */ = {
			isa = XCBuildConfiguration;
			buildSettings = {
				ASSETCATALOG_COMPILER_APPICON_NAME = AppIcon;
				INFOPLIST_FILE = Postcard/Info.plist;
				LD_RUNPATH_SEARCH_PATHS = "$(inherited) @executable_path/Frameworks";
				PRODUCT_NAME = "$(TARGET_NAME)";
			};
			name = Release;
		};
		F8374D4A19C8E72F00A98D40 /* Debug */ = {
			isa = XCBuildConfiguration;
			buildSettings = {
				BUNDLE_LOADER = "$(TEST_HOST)";
				FRAMEWORK_SEARCH_PATHS = (
					"$(SDKROOT)/Developer/Library/Frameworks",
					"$(inherited)",
				);
				GCC_PREPROCESSOR_DEFINITIONS = (
					"DEBUG=1",
					"$(inherited)",
				);
				INFOPLIST_FILE = PostcardTests/Info.plist;
				LD_RUNPATH_SEARCH_PATHS = "$(inherited) @executable_path/Frameworks @loader_path/Frameworks";
				PRODUCT_NAME = "$(TARGET_NAME)";
				TEST_HOST = "$(BUILT_PRODUCTS_DIR)/Postcard.app/Postcard";
			};
			name = Debug;
		};
		F8374D4B19C8E72F00A98D40 /* Release */ = {
			isa = XCBuildConfiguration;
			buildSettings = {
				BUNDLE_LOADER = "$(TEST_HOST)";
				FRAMEWORK_SEARCH_PATHS = (
					"$(SDKROOT)/Developer/Library/Frameworks",
					"$(inherited)",
				);
				INFOPLIST_FILE = PostcardTests/Info.plist;
				LD_RUNPATH_SEARCH_PATHS = "$(inherited) @executable_path/Frameworks @loader_path/Frameworks";
				PRODUCT_NAME = "$(TARGET_NAME)";
				TEST_HOST = "$(BUILT_PRODUCTS_DIR)/Postcard.app/Postcard";
			};
			name = Release;
		};
/* End XCBuildConfiguration section */

/* Begin XCConfigurationList section */
		F8374D2219C8E72F00A98D40 /* Build configuration list for PBXProject "Postcard" */ = {
			isa = XCConfigurationList;
			buildConfigurations = (
				F8374D4419C8E72F00A98D40 /* Debug */,
				F8374D4519C8E72F00A98D40 /* Release */,
			);
			defaultConfigurationIsVisible = 0;
			defaultConfigurationName = Release;
		};
		F8374D4619C8E72F00A98D40 /* Build configuration list for PBXNativeTarget "Postcard" */ = {
			isa = XCConfigurationList;
			buildConfigurations = (
				F8374D4719C8E72F00A98D40 /* Debug */,
				F8374D4819C8E72F00A98D40 /* Release */,
			);
			defaultConfigurationIsVisible = 0;
		};
		F8374D4919C8E72F00A98D40 /* Build configuration list for PBXNativeTarget "PostcardTests" */ = {
			isa = XCConfigurationList;
			buildConfigurations = (
				F8374D4A19C8E72F00A98D40 /* Debug */,
				F8374D4B19C8E72F00A98D40 /* Release */,
			);
			defaultConfigurationIsVisible = 0;
		};
/* End XCConfigurationList section */
	};
	rootObject = F8374D1F19C8E72F00A98D40 /* Project object */;
}
